
Microsoft Visual Studio Solution File, Format Version 12.00
# Visual Studio Version 17
VisualStudioVersion = 17.7.34024.191
MinimumVisualStudioVersion = 10.0.40219.1
Project("{8BC9CEB8-8B4A-11D0-8D11-00A0C91BC942}") = "SmartMeshImportExportTool", "Source\SmartMeshImportExportTool\SmartMeshImportExportTool.vcxproj", "{ABD27521-D7FA-4564-BE99-1F71124F328E}"
	ProjectSection(ProjectDependencies) = postProject
		{63EA2068-34A7-4760-9A68-2305506D751B} = {63EA2068-34A7-4760-9A68-2305506D751B}
	EndProjectSection
EndProject
Project("{8BC9CEB8-8B4A-11D0-8D11-00A0C91BC942}") = "SimpleBaseLibrary", "Source\SimpleBaseLibrary\SimpleBaseLibrary.vcxproj", "{63EA2068-34A7-4760-9A68-2305506D751B}"
EndProject
Project("{8BC9CEB8-8B4A-11D0-8D11-00A0C91BC942}") = "SmartBuildTool", "Source\SmartBuildTool\SmartBuildTool.vcxproj", "{E09E9501-AC02-44D6-978A-FDE57F1C569C}"
	ProjectSection(ProjectDependencies) = postProject
		{63EA2068-34A7-4760-9A68-2305506D751B} = {63EA2068-34A7-4760-9A68-2305506D751B}
		{A23BADBA-86A9-4B92-B090-643B066DB6E2} = {A23BADBA-86A9-4B92-B090-643B066DB6E2}
	EndProjectSection
EndProject
Project("{8BC9CEB8-8B4A-11D0-8D11-00A0C91BC942}") = "SmartEngine", "Source\SmartEngine\SmartEngine.vcxproj", "{73817BE9-9078-4005-8254-9434C03A01E6}"
	ProjectSection(ProjectDependencies) = postProject
		{63EA2068-34A7-4760-9A68-2305506D751B} = {63EA2068-34A7-4760-9A68-2305506D751B}
		{8121BE43-04B1-4DF0-B396-7E12EF3907E4} = {8121BE43-04B1-4DF0-B396-7E12EF3907E4}
		{A23BADBA-86A9-4B92-B090-643B066DB6E2} = {A23BADBA-86A9-4B92-B090-643B066DB6E2}
		{ABD27521-D7FA-4564-BE99-1F71124F328E} = {ABD27521-D7FA-4564-BE99-1F71124F328E}
	EndProjectSection
EndProject
Project("{8BC9CEB8-8B4A-11D0-8D11-00A0C91BC942}") = "SmartEngineCore", "Source\SmartEngineCore\SmartEngineCore.vcxproj", "{A23BADBA-86A9-4B92-B090-643B066DB6E2}"
	ProjectSection(ProjectDependencies) = postProject
		{63EA2068-34A7-4760-9A68-2305506D751B} = {63EA2068-34A7-4760-9A68-2305506D751B}
	EndProjectSection
EndProject
Project("{2150E333-8FDC-42A3-9474-1A3956D46DE8}") = "Programs", "Programs", "{814FCD22-70E3-43BF-9C6D-99538DA1436F}"
EndProject
Project("{2150E333-8FDC-42A3-9474-1A3956D46DE8}") = "Engine", "Engine", "{38CFABB2-6A13-4954-B24C-0B477D5133F0}"
EndProject
Project("{8BC9CEB8-8B4A-11D0-8D11-00A0C91BC942}") = "SmartCoreObject", "Source\SmartCoreObject\SmartCoreObject.vcxproj", "{8121BE43-04B1-4DF0-B396-7E12EF3907E4}"
	ProjectSection(ProjectDependencies) = postProject
		{63EA2068-34A7-4760-9A68-2305506D751B} = {63EA2068-34A7-4760-9A68-2305506D751B}
	EndProjectSection
EndProject
Global
	GlobalSection(SolutionConfigurationPlatforms) = preSolution
		Debug|x64 = Debug|x64
		Debug|x86 = Debug|x86
		Release|x64 = Release|x64
		Release|x86 = Release|x86
	EndGlobalSection
	GlobalSection(ProjectConfigurationPlatforms) = postSolution
		{ABD27521-D7FA-4564-BE99-1F71124F328E}.Debug|x64.ActiveCfg = Debug|x64
		{ABD27521-D7FA-4564-BE99-1F71124F328E}.Debug|x64.Build.0 = Debug|x64
		{ABD27521-D7FA-4564-BE99-1F71124F328E}.Debug|x86.ActiveCfg = Debug|Win32
		{ABD27521-D7FA-4564-BE99-1F71124F328E}.Debug|x86.Build.0 = Debug|Win32
		{ABD27521-D7FA-4564-BE99-1F71124F328E}.Release|x64.ActiveCfg = Release|x64
		{ABD27521-D7FA-4564-BE99-1F71124F328E}.Release|x64.Build.0 = Release|x64
		{ABD27521-D7FA-4564-BE99-1F71124F328E}.Release|x86.ActiveCfg = Release|Win32
		{ABD27521-D7FA-4564-BE99-1F71124F328E}.Release|x86.Build.0 = Release|Win32
		{63EA2068-34A7-4760-9A68-2305506D751B}.Debug|x64.ActiveCfg = Debug|x64
		{63EA2068-34A7-4760-9A68-2305506D751B}.Debug|x64.Build.0 = Debug|x64
		{63EA2068-34A7-4760-9A68-2305506D751B}.Debug|x86.ActiveCfg = Debug|Win32
		{63EA2068-34A7-4760-9A68-2305506D751B}.Debug|x86.Build.0 = Debug|Win32
		{63EA2068-34A7-4760-9A68-2305506D751B}.Release|x64.ActiveCfg = Release|x64
		{63EA2068-34A7-4760-9A68-2305506D751B}.Release|x64.Build.0 = Release|x64
		{63EA2068-34A7-4760-9A68-2305506D751B}.Release|x86.ActiveCfg = Release|Win32
		{63EA2068-34A7-4760-9A68-2305506D751B}.Release|x86.Build.0 = Release|Win32
		{E09E9501-AC02-44D6-978A-FDE57F1C569C}.Debug|x64.ActiveCfg = Debug|x64
		{E09E9501-AC02-44D6-978A-FDE57F1C569C}.Debug|x64.Build.0 = Debug|x64
		{E09E9501-AC02-44D6-978A-FDE57F1C569C}.Debug|x86.ActiveCfg = Debug|Win32
		{E09E9501-AC02-44D6-978A-FDE57F1C569C}.Debug|x86.Build.0 = Debug|Win32
		{E09E9501-AC02-44D6-978A-FDE57F1C569C}.Release|x64.ActiveCfg = Release|x64
		{E09E9501-AC02-44D6-978A-FDE57F1C569C}.Release|x64.Build.0 = Release|x64
		{E09E9501-AC02-44D6-978A-FDE57F1C569C}.Release|x86.ActiveCfg = Release|Win32
		{E09E9501-AC02-44D6-978A-FDE57F1C569C}.Release|x86.Build.0 = Release|Win32
		{73817BE9-9078-4005-8254-9434C03A01E6}.Debug|x64.ActiveCfg = Debug|x64
		{73817BE9-9078-4005-8254-9434C03A01E6}.Debug|x64.Build.0 = Debug|x64
		{73817BE9-9078-4005-8254-9434C03A01E6}.Debug|x86.ActiveCfg = Debug|Win32
		{73817BE9-9078-4005-8254-9434C03A01E6}.Debug|x86.Build.0 = Debug|Win32
		{73817BE9-9078-4005-8254-9434C03A01E6}.Release|x64.ActiveCfg = Release|x64
		{73817BE9-9078-4005-8254-9434C03A01E6}.Release|x64.Build.0 = Release|x64
		{73817BE9-9078-4005-8254-9434C03A01E6}.Release|x86.ActiveCfg = Release|Win32
		{73817BE9-9078-4005-8254-9434C03A01E6}.Release|x86.Build.0 = Release|Win32
		{A23BADBA-86A9-4B92-B090-643B066DB6E2}.Debug|x64.ActiveCfg = Debug|x64
		{A23BADBA-86A9-4B92-B090-643B066DB6E2}.Debug|x64.Build.0 = Debug|x64
		{A23BADBA-86A9-4B92-B090-643B066DB6E2}.Debug|x86.ActiveCfg = Debug|Win32
		{A23BADBA-86A9-4B92-B090-643B066DB6E2}.Debug|x86.Build.0 = Debug|Win32
		{A23BADBA-86A9-4B92-B090-643B066DB6E2}.Release|x64.ActiveCfg = Release|x64
		{A23BADBA-86A9-4B92-B090-643B066DB6E2}.Release|x64.Build.0 = Release|x64
		{A23BADBA-86A9-4B92-B090-643B066DB6E2}.Release|x86.ActiveCfg = Release|Win32
		{A23BADBA-86A9-4B92-B090-643B066DB6E2}.Release|x86.Build.0 = Release|Win32
		{8121BE43-04B1-4DF0-B396-7E12EF3907E4}.Debug|x64.ActiveCfg = Debug|x64
		{8121BE43-04B1-4DF0-B396-7E12EF3907E4}.Debug|x64.Build.0 = Debug|x64
		{8121BE43-04B1-4DF0-B396-7E12EF3907E4}.Debug|x86.ActiveCfg = Debug|Win32
		{8121BE43-04B1-4DF0-B396-7E12EF3907E4}.Debug|x86.Build.0 = Debug|Win32
		{8121BE43-04B1-4DF0-B396-7E12EF3907E4}.Release|x64.ActiveCfg = Release|x64
		{8121BE43-04B1-4DF0-B396-7E12EF3907E4}.Release|x64.Build.0 = Release|x64
		{8121BE43-04B1-4DF0-B396-7E12EF3907E4}.Release|x86.ActiveCfg = Release|Win32
		{8121BE43-04B1-4DF0-B396-7E12EF3907E4}.Release|x86.Build.0 = Release|Win32
	EndGlobalSection
	GlobalSection(SolutionProperties) = preSolution
		HideSolutionNode = FALSE
	EndGlobalSection
	GlobalSection(NestedProjects) = preSolution
		{ABD27521-D7FA-4564-BE99-1F71124F328E} = {814FCD22-70E3-43BF-9C6D-99538DA1436F}
		{63EA2068-34A7-4760-9A68-2305506D751B} = {814FCD22-70E3-43BF-9C6D-99538DA1436F}
		{E09E9501-AC02-44D6-978A-FDE57F1C569C} = {814FCD22-70E3-43BF-9C6D-99538DA1436F}
		{73817BE9-9078-4005-8254-9434C03A01E6} = {38CFABB2-6A13-4954-B24C-0B477D5133F0}
		{A23BADBA-86A9-4B92-B090-643B066DB6E2} = {814FCD22-70E3-43BF-9C6D-99538DA1436F}
		{8121BE43-04B1-4DF0-B396-7E12EF3907E4} = {814FCD22-70E3-43BF-9C6D-99538DA1436F}
	EndGlobalSection
	GlobalSection(ExtensibilityGlobals) = postSolution
		SolutionGuid = {083D7D3F-4A79-45EA-8022-5C7FEF3CFB04}
	EndGlobalSection
EndGlobal
